
Microsoft Visual Studio Solution File, Format Version 12.00
# Visual Studio 15
VisualStudioVersion = 15.0.27703.2035
MinimumVisualStudioVersion = 10.0.40219.1
Project("{FAE04EC0-301F-11D3-BF4B-00C04F79EFBC}") = "NamDashAspNetCoreServer", "NamDashAspNetCoreServer\NamDashAspNetCoreServer.csproj", "{28956F3B-B26A-4DF3-B61F-15924056EE04}"
EndProject
Global
	GlobalSection(SolutionConfigurationPlatforms) = preSolution
		Debug|Any CPU = Debug|Any CPU
		Release|Any CPU = Release|Any CPU
	EndGlobalSection
	GlobalSection(ProjectConfigurationPlatforms) = postSolution
		{28956F3B-B26A-4DF3-B61F-15924056EE04}.Debug|Any CPU.ActiveCfg = Debug|Any CPU
		{28956F3B-B26A-4DF3-B61F-15924056EE04}.Debug|Any CPU.Build.0 = Debug|Any CPU
		{28956F3B-B26A-4DF3-B61F-15924056EE04}.Release|Any CPU.ActiveCfg = Release|Any CPU
		{28956F3B-B26A-4DF3-B61F-15924056EE04}.Release|Any CPU.Build.0 = Release|Any CPU
	EndGlobalSection
	GlobalSection(SolutionProperties) = preSolution
		HideSolutionNode = FALSE
	EndGlobalSection
	GlobalSection(ExtensibilityGlobals) = postSolution
		SolutionGuid = {890961CF-555B-4789-94EC-1BF79407C28D}
	EndGlobalSection
EndGlobal
