
Microsoft Visual Studio Solution File, Format Version 12.00
# Visual Studio 15
VisualStudioVersion = 15.0.27703.2035
MinimumVisualStudioVersion = 10.0.40219.1
Project("{9A19103F-16F7-4668-BE54-9A1E7A4F7556}") = "GetFinancials", "FunctionApp1\GetFinancials.csproj", "{FC4C8F58-E0DE-482B-921E-711C3F9524E4}"
EndProject
Global
	GlobalSection(SolutionConfigurationPlatforms) = preSolution
		Debug|Any CPU = Debug|Any CPU
		Release|Any CPU = Release|Any CPU
	EndGlobalSection
	GlobalSection(ProjectConfigurationPlatforms) = postSolution
		{FC4C8F58-E0DE-482B-921E-711C3F9524E4}.Debug|Any CPU.ActiveCfg = Debug|Any CPU
		{FC4C8F58-E0DE-482B-921E-711C3F9524E4}.Debug|Any CPU.Build.0 = Debug|Any CPU
		{FC4C8F58-E0DE-482B-921E-711C3F9524E4}.Release|Any CPU.ActiveCfg = Release|Any CPU
		{FC4C8F58-E0DE-482B-921E-711C3F9524E4}.Release|Any CPU.Build.0 = Release|Any CPU
	EndGlobalSection
	GlobalSection(SolutionProperties) = preSolution
		HideSolutionNode = FALSE
	EndGlobalSection
	GlobalSection(ExtensibilityGlobals) = postSolution
		SolutionGuid = {711EBC7F-ECE0-4B19-B09C-825679129930}
	EndGlobalSection
EndGlobal
